
Microsoft Visual Studio Solution File, Format Version 12.00
# Visual Studio Version 17
VisualStudioVersion = 17.3.32611.2
MinimumVisualStudioVersion = 10.0.40219.1
Project("{FAE04EC0-301F-11D3-BF4B-00C04F79EFBC}") = "TCPChat_Server", "TCPChat_Server\TCPChat_Server.csproj", "{845A1BE3-224D-401C-A26A-69E99E4414E1}"
EndProject
Project("{FAE04EC0-301F-11D3-BF4B-00C04F79EFBC}") = "TCPChat_Client", "TCPChat_Client\TCPChat_Client.csproj", "{449FB09A-3BE1-41ED-B03D-19D3B55C665A}"
EndProject
Global
	GlobalSection(SolutionConfigurationPlatforms) = preSolution
		Debug|Any CPU = Debug|Any CPU
		Release|Any CPU = Release|Any CPU
	EndGlobalSection
	GlobalSection(ProjectConfigurationPlatforms) = postSolution
		{845A1BE3-224D-401C-A26A-69E99E4414E1}.Debug|Any CPU.ActiveCfg = Debug|Any CPU
		{845A1BE3-224D-401C-A26A-69E99E4414E1}.Debug|Any CPU.Build.0 = Debug|Any CPU
		{845A1BE3-224D-401C-A26A-69E99E4414E1}.Release|Any CPU.ActiveCfg = Release|Any CPU
		{845A1BE3-224D-401C-A26A-69E99E4414E1}.Release|Any CPU.Build.0 = Release|Any CPU
		{449FB09A-3BE1-41ED-B03D-19D3B55C665A}.Debug|Any CPU.ActiveCfg = Debug|Any CPU
		{449FB09A-3BE1-41ED-B03D-19D3B55C665A}.Debug|Any CPU.Build.0 = Debug|Any CPU
		{449FB09A-3BE1-41ED-B03D-19D3B55C665A}.Release|Any CPU.ActiveCfg = Release|Any CPU
		{449FB09A-3BE1-41ED-B03D-19D3B55C665A}.Release|Any CPU.Build.0 = Release|Any CPU
	EndGlobalSection
	GlobalSection(SolutionProperties) = preSolution
		HideSolutionNode = FALSE
	EndGlobalSection
	GlobalSection(ExtensibilityGlobals) = postSolution
		SolutionGuid = {E86B6E82-06EE-4F4F-A0DD-F8E7F399E40B}
	EndGlobalSection
EndGlobal
